// !$*UTF8*$!
{
	archiveVersion = 1;
	classes = {
	};
	objectVersion = 46;
	objects = {

/* Begin PBXBuildFile section */
		32AC88D216F0145500F99D07 /* UIKit.framework in Frameworks */ = {isa = PBXBuildFile; fileRef = 32AC88D116F0145500F99D07 /* UIKit.framework */; };
		32AC88D416F0145500F99D07 /* Foundation.framework in Frameworks */ = {isa = PBXBuildFile; fileRef = 32AC88D316F0145500F99D07 /* Foundation.framework */; };
		32AC88D616F0145500F99D07 /* CoreGraphics.framework in Frameworks */ = {isa = PBXBuildFile; fileRef = 32AC88D516F0145500F99D07 /* CoreGraphics.framework */; };
		32AC88DC16F0145500F99D07 /* InfoPlist.strings in Resources */ = {isa = PBXBuildFile; fileRef = 32AC88DA16F0145500F99D07 /* InfoPlist.strings */; };
		32AC88DE16F0145500F99D07 /* main.m in Sources */ = {isa = PBXBuildFile; fileRef = 32AC88DD16F0145500F99D07 /* main.m */; };
		32AC88E216F0145500F99D07 /* UBLAppDelegate.m in Sources */ = {isa = PBXBuildFile; fileRef = 32AC88E116F0145500F99D07 /* UBLAppDelegate.m */; };
		32AC88E416F0145500F99D07 /* Default.png in Resources */ = {isa = PBXBuildFile; fileRef = 32AC88E316F0145500F99D07 /* Default.png */; };
		32AC88E616F0145500F99D07 /* Default@2x.png in Resources */ = {isa = PBXBuildFile; fileRef = 32AC88E516F0145500F99D07 /* Default@2x.png */; };
		32AC88E816F0145600F99D07 /* Default-568h@2x.png in Resources */ = {isa = PBXBuildFile; fileRef = 32AC88E716F0145600F99D07 /* Default-568h@2x.png */; };
		32AC88EB16F0145600F99D07 /* MainStoryboard.storyboard in Resources */ = {isa = PBXBuildFile; fileRef = 32AC88E916F0145600F99D07 /* MainStoryboard.storyboard */; };
		32AC88FE16F0170400F99D07 /* REMenu.m in Sources */ = {isa = PBXBuildFile; fileRef = 32AC88F716F0170400F99D07 /* REMenu.m */; };
		32AC88FF16F0170400F99D07 /* REMenuContainerView.m in Sources */ = {isa = PBXBuildFile; fileRef = 32AC88F916F0170400F99D07 /* REMenuContainerView.m */; };
		32AC890016F0170400F99D07 /* REMenuItem.m in Sources */ = {isa = PBXBuildFile; fileRef = 32AC88FB16F0170400F99D07 /* REMenuItem.m */; };
		32AC890116F0170400F99D07 /* REMenuItemView.m in Sources */ = {isa = PBXBuildFile; fileRef = 32AC88FD16F0170400F99D07 /* REMenuItemView.m */; };
		32AC890416F0173C00F99D07 /* UBLScanViewController.m in Sources */ = {isa = PBXBuildFile; fileRef = 32AC890316F0173C00F99D07 /* UBLScanViewController.m */; };
		32AC890716F0175400F99D07 /* UBLCreatePQRViewController.m in Sources */ = {isa = PBXBuildFile; fileRef = 32AC890616F0175400F99D07 /* UBLCreatePQRViewController.m */; };
		32AC890A16F0176300F99D07 /* UBLHistoryViewController.m in Sources */ = {isa = PBXBuildFile; fileRef = 32AC890916F0176300F99D07 /* UBLHistoryViewController.m */; };
		32AC890D16F0187C00F99D07 /* UBLNavigationController.m in Sources */ = {isa = PBXBuildFile; fileRef = 32AC890C16F0187C00F99D07 /* UBLNavigationController.m */; };
		32AC891016F01E2500F99D07 /* UBLViewController.m in Sources */ = {isa = PBXBuildFile; fileRef = 32AC890F16F01E2500F99D07 /* UBLViewController.m */; };
		32AC891316F0215C00F99D07 /* UBLREMenuController.m in Sources */ = {isa = PBXBuildFile; fileRef = 32AC891216F0215C00F99D07 /* UBLREMenuController.m */; };
/* End PBXBuildFile section */

/* Begin PBXFileReference section */
		32AC88CE16F0145500F99D07 /* pqrs.app */ = {isa = PBXFileReference; explicitFileType = wrapper.application; includeInIndex = 0; path = pqrs.app; sourceTree = BUILT_PRODUCTS_DIR; };
		32AC88D116F0145500F99D07 /* UIKit.framework */ = {isa = PBXFileReference; lastKnownFileType = wrapper.framework; name = UIKit.framework; path = System/Library/Frameworks/UIKit.framework; sourceTree = SDKROOT; };
		32AC88D316F0145500F99D07 /* Foundation.framework */ = {isa = PBXFileReference; lastKnownFileType = wrapper.framework; name = Foundation.framework; path = System/Library/Frameworks/Foundation.framework; sourceTree = SDKROOT; };
		32AC88D516F0145500F99D07 /* CoreGraphics.framework */ = {isa = PBXFileReference; lastKnownFileType = wrapper.framework; name = CoreGraphics.framework; path = System/Library/Frameworks/CoreGraphics.framework; sourceTree = SDKROOT; };
		32AC88D916F0145500F99D07 /* pqrs-Info.plist */ = {isa = PBXFileReference; lastKnownFileType = text.plist.xml; path = "pqrs-Info.plist"; sourceTree = "<group>"; };
		32AC88DB16F0145500F99D07 /* en */ = {isa = PBXFileReference; lastKnownFileType = text.plist.strings; name = en; path = en.lproj/InfoPlist.strings; sourceTree = "<group>"; };
		32AC88DD16F0145500F99D07 /* main.m */ = {isa = PBXFileReference; lastKnownFileType = sourcecode.c.objc; path = main.m; sourceTree = "<group>"; };
		32AC88DF16F0145500F99D07 /* pqrs-Prefix.pch */ = {isa = PBXFileReference; lastKnownFileType = sourcecode.c.h; path = "pqrs-Prefix.pch"; sourceTree = "<group>"; };
		32AC88E016F0145500F99D07 /* UBLAppDelegate.h */ = {isa = PBXFileReference; lastKnownFileType = sourcecode.c.h; path = UBLAppDelegate.h; sourceTree = "<group>"; };
		32AC88E116F0145500F99D07 /* UBLAppDelegate.m */ = {isa = PBXFileReference; lastKnownFileType = sourcecode.c.objc; path = UBLAppDelegate.m; sourceTree = "<group>"; };
		32AC88E316F0145500F99D07 /* Default.png */ = {isa = PBXFileReference; lastKnownFileType = image.png; path = Default.png; sourceTree = "<group>"; };
		32AC88E516F0145500F99D07 /* Default@2x.png */ = {isa = PBXFileReference; lastKnownFileType = image.png; path = "Default@2x.png"; sourceTree = "<group>"; };
		32AC88E716F0145600F99D07 /* Default-568h@2x.png */ = {isa = PBXFileReference; lastKnownFileType = image.png; path = "Default-568h@2x.png"; sourceTree = "<group>"; };
		32AC88EA16F0145600F99D07 /* en */ = {isa = PBXFileReference; lastKnownFileType = file.storyboard; name = en; path = en.lproj/MainStoryboard.storyboard; sourceTree = "<group>"; };
		32AC88F616F0170400F99D07 /* REMenu.h */ = {isa = PBXFileReference; fileEncoding = 4; lastKnownFileType = sourcecode.c.h; path = REMenu.h; sourceTree = "<group>"; };
		32AC88F716F0170400F99D07 /* REMenu.m */ = {isa = PBXFileReference; fileEncoding = 4; lastKnownFileType = sourcecode.c.objc; path = REMenu.m; sourceTree = "<group>"; };
		32AC88F816F0170400F99D07 /* REMenuContainerView.h */ = {isa = PBXFileReference; fileEncoding = 4; lastKnownFileType = sourcecode.c.h; path = REMenuContainerView.h; sourceTree = "<group>"; };
		32AC88F916F0170400F99D07 /* REMenuContainerView.m */ = {isa = PBXFileReference; fileEncoding = 4; lastKnownFileType = sourcecode.c.objc; path = REMenuContainerView.m; sourceTree = "<group>"; };
		32AC88FA16F0170400F99D07 /* REMenuItem.h */ = {isa = PBXFileReference; fileEncoding = 4; lastKnownFileType = sourcecode.c.h; path = REMenuItem.h; sourceTree = "<group>"; };
		32AC88FB16F0170400F99D07 /* REMenuItem.m */ = {isa = PBXFileReference; fileEncoding = 4; lastKnownFileType = sourcecode.c.objc; path = REMenuItem.m; sourceTree = "<group>"; };
		32AC88FC16F0170400F99D07 /* REMenuItemView.h */ = {isa = PBXFileReference; fileEncoding = 4; lastKnownFileType = sourcecode.c.h; path = REMenuItemView.h; sourceTree = "<group>"; };
		32AC88FD16F0170400F99D07 /* REMenuItemView.m */ = {isa = PBXFileReference; fileEncoding = 4; lastKnownFileType = sourcecode.c.objc; path = REMenuItemView.m; sourceTree = "<group>"; };
		32AC890216F0173C00F99D07 /* UBLScanViewController.h */ = {isa = PBXFileReference; fileEncoding = 4; lastKnownFileType = sourcecode.c.h; path = UBLScanViewController.h; sourceTree = "<group>"; };
		32AC890316F0173C00F99D07 /* UBLScanViewController.m */ = {isa = PBXFileReference; fileEncoding = 4; lastKnownFileType = sourcecode.c.objc; path = UBLScanViewController.m; sourceTree = "<group>"; };
		32AC890516F0175400F99D07 /* UBLCreatePQRViewController.h */ = {isa = PBXFileReference; fileEncoding = 4; lastKnownFileType = sourcecode.c.h; path = UBLCreatePQRViewController.h; sourceTree = "<group>"; };
		32AC890616F0175400F99D07 /* UBLCreatePQRViewController.m */ = {isa = PBXFileReference; fileEncoding = 4; lastKnownFileType = sourcecode.c.objc; path = UBLCreatePQRViewController.m; sourceTree = "<group>"; };
		32AC890816F0176300F99D07 /* UBLHistoryViewController.h */ = {isa = PBXFileReference; fileEncoding = 4; lastKnownFileType = sourcecode.c.h; path = UBLHistoryViewController.h; sourceTree = "<group>"; };
		32AC890916F0176300F99D07 /* UBLHistoryViewController.m */ = {isa = PBXFileReference; fileEncoding = 4; lastKnownFileType = sourcecode.c.objc; path = UBLHistoryViewController.m; sourceTree = "<group>"; };
		32AC890B16F0187C00F99D07 /* UBLNavigationController.h */ = {isa = PBXFileReference; fileEncoding = 4; lastKnownFileType = sourcecode.c.h; path = UBLNavigationController.h; sourceTree = "<group>"; };
		32AC890C16F0187C00F99D07 /* UBLNavigationController.m */ = {isa = PBXFileReference; fileEncoding = 4; lastKnownFileType = sourcecode.c.objc; path = UBLNavigationController.m; sourceTree = "<group>"; };
		32AC890E16F01E2500F99D07 /* UBLViewController.h */ = {isa = PBXFileReference; fileEncoding = 4; lastKnownFileType = sourcecode.c.h; path = UBLViewController.h; sourceTree = "<group>"; };
		32AC890F16F01E2500F99D07 /* UBLViewController.m */ = {isa = PBXFileReference; fileEncoding = 4; lastKnownFileType = sourcecode.c.objc; path = UBLViewController.m; sourceTree = "<group>"; };
		32AC891116F0215C00F99D07 /* UBLREMenuController.h */ = {isa = PBXFileReference; fileEncoding = 4; lastKnownFileType = sourcecode.c.h; path = UBLREMenuController.h; sourceTree = "<group>"; };
		32AC891216F0215C00F99D07 /* UBLREMenuController.m */ = {isa = PBXFileReference; fileEncoding = 4; lastKnownFileType = sourcecode.c.objc; path = UBLREMenuController.m; sourceTree = "<group>"; };
/* End PBXFileReference section */

/* Begin PBXFrameworksBuildPhase section */
		32AC88CB16F0145500F99D07 /* Frameworks */ = {
			isa = PBXFrameworksBuildPhase;
			buildActionMask = 2147483647;
			files = (
				32AC88D216F0145500F99D07 /* UIKit.framework in Frameworks */,
				32AC88D416F0145500F99D07 /* Foundation.framework in Frameworks */,
				32AC88D616F0145500F99D07 /* CoreGraphics.framework in Frameworks */,
			);
			runOnlyForDeploymentPostprocessing = 0;
		};
/* End PBXFrameworksBuildPhase section */

/* Begin PBXGroup section */
		32AC88C516F0145500F99D07 = {
			isa = PBXGroup;
			children = (
				32AC88F516F0170400F99D07 /* REMenu */,
				32AC88D716F0145500F99D07 /* pqrs */,
				32AC88D016F0145500F99D07 /* Frameworks */,
				32AC88CF16F0145500F99D07 /* Products */,
			);
			sourceTree = "<group>";
		};
		32AC88CF16F0145500F99D07 /* Products */ = {
			isa = PBXGroup;
			children = (
				32AC88CE16F0145500F99D07 /* pqrs.app */,
			);
			name = Products;
			sourceTree = "<group>";
		};
		32AC88D016F0145500F99D07 /* Frameworks */ = {
			isa = PBXGroup;
			children = (
				32AC88D116F0145500F99D07 /* UIKit.framework */,
				32AC88D316F0145500F99D07 /* Foundation.framework */,
				32AC88D516F0145500F99D07 /* CoreGraphics.framework */,
			);
			name = Frameworks;
			sourceTree = "<group>";
		};
		32AC88D716F0145500F99D07 /* pqrs */ = {
			isa = PBXGroup;
			children = (
				32AC88E016F0145500F99D07 /* UBLAppDelegate.h */,
				32AC88E116F0145500F99D07 /* UBLAppDelegate.m */,
				32AC890516F0175400F99D07 /* UBLCreatePQRViewController.h */,
				32AC890616F0175400F99D07 /* UBLCreatePQRViewController.m */,
				32AC88E916F0145600F99D07 /* MainStoryboard.storyboard */,
				32AC890216F0173C00F99D07 /* UBLScanViewController.h */,
				32AC890316F0173C00F99D07 /* UBLScanViewController.m */,
				32AC890B16F0187C00F99D07 /* UBLNavigationController.h */,
				32AC890C16F0187C00F99D07 /* UBLNavigationController.m */,
				32AC890E16F01E2500F99D07 /* UBLViewController.h */,
				32AC890F16F01E2500F99D07 /* UBLViewController.m */,
				32AC890816F0176300F99D07 /* UBLHistoryViewController.h */,
				32AC890916F0176300F99D07 /* UBLHistoryViewController.m */,
				32AC88D816F0145500F99D07 /* Supporting Files */,
				32AC891116F0215C00F99D07 /* UBLREMenuController.h */,
				32AC891216F0215C00F99D07 /* UBLREMenuController.m */,
			);
			path = pqrs;
			sourceTree = "<group>";
		};
		32AC88D816F0145500F99D07 /* Supporting Files */ = {
			isa = PBXGroup;
			children = (
				32AC88D916F0145500F99D07 /* pqrs-Info.plist */,
				32AC88DA16F0145500F99D07 /* InfoPlist.strings */,
				32AC88DD16F0145500F99D07 /* main.m */,
				32AC88DF16F0145500F99D07 /* pqrs-Prefix.pch */,
				32AC88E316F0145500F99D07 /* Default.png */,
				32AC88E516F0145500F99D07 /* Default@2x.png */,
				32AC88E716F0145600F99D07 /* Default-568h@2x.png */,
			);
			name = "Supporting Files";
			sourceTree = "<group>";
		};
		32AC88F516F0170400F99D07 /* REMenu */ = {
			isa = PBXGroup;
			children = (
				32AC88F616F0170400F99D07 /* REMenu.h */,
				32AC88F716F0170400F99D07 /* REMenu.m */,
				32AC88F816F0170400F99D07 /* REMenuContainerView.h */,
				32AC88F916F0170400F99D07 /* REMenuContainerView.m */,
				32AC88FA16F0170400F99D07 /* REMenuItem.h */,
				32AC88FB16F0170400F99D07 /* REMenuItem.m */,
				32AC88FC16F0170400F99D07 /* REMenuItemView.h */,
				32AC88FD16F0170400F99D07 /* REMenuItemView.m */,
			);
			path = REMenu;
			sourceTree = "<group>";
		};
/* End PBXGroup section */

/* Begin PBXNativeTarget section */
		32AC88CD16F0145500F99D07 /* pqrs */ = {
			isa = PBXNativeTarget;
			buildConfigurationList = 32AC88F116F0145600F99D07 /* Build configuration list for PBXNativeTarget "pqrs" */;
			buildPhases = (
				32AC88CA16F0145500F99D07 /* Sources */,
				32AC88CB16F0145500F99D07 /* Frameworks */,
				32AC88CC16F0145500F99D07 /* Resources */,
			);
			buildRules = (
			);
			dependencies = (
			);
			name = pqrs;
			productName = pqrs;
			productReference = 32AC88CE16F0145500F99D07 /* pqrs.app */;
			productType = "com.apple.product-type.application";
		};
/* End PBXNativeTarget section */

/* Begin PBXProject section */
		32AC88C616F0145500F99D07 /* Project object */ = {
			isa = PBXProject;
			attributes = {
				CLASSPREFIX = UBL;
				LastUpgradeCheck = 0460;
				ORGANIZATIONNAME = "Jason Clary";
			};
			buildConfigurationList = 32AC88C916F0145500F99D07 /* Build configuration list for PBXProject "pqrs" */;
			compatibilityVersion = "Xcode 3.2";
			developmentRegion = English;
			hasScannedForEncodings = 0;
			knownRegions = (
				en,
			);
			mainGroup = 32AC88C516F0145500F99D07;
			productRefGroup = 32AC88CF16F0145500F99D07 /* Products */;
			projectDirPath = "";
			projectRoot = "";
			targets = (
				32AC88CD16F0145500F99D07 /* pqrs */,
			);
		};
/* End PBXProject section */

/* Begin PBXResourcesBuildPhase section */
		32AC88CC16F0145500F99D07 /* Resources */ = {
			isa = PBXResourcesBuildPhase;
			buildActionMask = 2147483647;
			files = (
				32AC88DC16F0145500F99D07 /* InfoPlist.strings in Resources */,
				32AC88E416F0145500F99D07 /* Default.png in Resources */,
				32AC88E616F0145500F99D07 /* Default@2x.png in Resources */,
				32AC88E816F0145600F99D07 /* Default-568h@2x.png in Resources */,
				32AC88EB16F0145600F99D07 /* MainStoryboard.storyboard in Resources */,
			);
			runOnlyForDeploymentPostprocessing = 0;
		};
/* End PBXResourcesBuildPhase section */

/* Begin PBXSourcesBuildPhase section */
		32AC88CA16F0145500F99D07 /* Sources */ = {
			isa = PBXSourcesBuildPhase;
			buildActionMask = 2147483647;
			files = (
				32AC88DE16F0145500F99D07 /* main.m in Sources */,
				32AC88E216F0145500F99D07 /* UBLAppDelegate.m in Sources */,
				32AC88FE16F0170400F99D07 /* REMenu.m in Sources */,
				32AC88FF16F0170400F99D07 /* REMenuContainerView.m in Sources */,
				32AC890016F0170400F99D07 /* REMenuItem.m in Sources */,
				32AC890116F0170400F99D07 /* REMenuItemView.m in Sources */,
				32AC890416F0173C00F99D07 /* UBLScanViewController.m in Sources */,
				32AC890716F0175400F99D07 /* UBLCreatePQRViewController.m in Sources */,
				32AC890A16F0176300F99D07 /* UBLHistoryViewController.m in Sources */,
				32AC890D16F0187C00F99D07 /* UBLNavigationController.m in Sources */,
				32AC891016F01E2500F99D07 /* UBLViewController.m in Sources */,
				32AC891316F0215C00F99D07 /* UBLREMenuController.m in Sources */,
			);
			runOnlyForDeploymentPostprocessing = 0;
		};
/* End PBXSourcesBuildPhase section */

/* Begin PBXVariantGroup section */
		32AC88DA16F0145500F99D07 /* InfoPlist.strings */ = {
			isa = PBXVariantGroup;
			children = (
				32AC88DB16F0145500F99D07 /* en */,
			);
			name = InfoPlist.strings;
			sourceTree = "<group>";
		};
		32AC88E916F0145600F99D07 /* MainStoryboard.storyboard */ = {
			isa = PBXVariantGroup;
			children = (
				32AC88EA16F0145600F99D07 /* en */,
			);
			name = MainStoryboard.storyboard;
			sourceTree = "<group>";
		};
/* End PBXVariantGroup section */

/* Begin XCBuildConfiguration section */
		32AC88EF16F0145600F99D07 /* Debug */ = {
			isa = XCBuildConfiguration;
			buildSettings = {
				ALWAYS_SEARCH_USER_PATHS = NO;
				CLANG_CXX_LANGUAGE_STANDARD = "gnu++0x";
				CLANG_CXX_LIBRARY = "libc++";
				CLANG_ENABLE_OBJC_ARC = YES;
				CLANG_WARN_CONSTANT_CONVERSION = YES;
				CLANG_WARN_EMPTY_BODY = YES;
				CLANG_WARN_ENUM_CONVERSION = YES;
				CLANG_WARN_INT_CONVERSION = YES;
				CLANG_WARN__DUPLICATE_METHOD_MATCH = YES;
				"CODE_SIGN_IDENTITY[sdk=iphoneos*]" = "iPhone Developer";
				COPY_PHASE_STRIP = NO;
				GCC_C_LANGUAGE_STANDARD = gnu99;
				GCC_DYNAMIC_NO_PIC = NO;
				GCC_OPTIMIZATION_LEVEL = 0;
				GCC_PREPROCESSOR_DEFINITIONS = (
					"DEBUG=1",
					"$(inherited)",
				);
				GCC_SYMBOLS_PRIVATE_EXTERN = NO;
				GCC_WARN_ABOUT_RETURN_TYPE = YES;
				GCC_WARN_UNINITIALIZED_AUTOS = YES;
				GCC_WARN_UNUSED_VARIABLE = YES;
				IPHONEOS_DEPLOYMENT_TARGET = 6.1;
				ONLY_ACTIVE_ARCH = YES;
				SDKROOT = iphoneos;
			};
			name = Debug;
		};
		32AC88F016F0145600F99D07 /* Release */ = {
			isa = XCBuildConfiguration;
			buildSettings = {
				ALWAYS_SEARCH_USER_PATHS = NO;
				CLANG_CXX_LANGUAGE_STANDARD = "gnu++0x";
				CLANG_CXX_LIBRARY = "libc++";
				CLANG_ENABLE_OBJC_ARC = YES;
				CLANG_WARN_CONSTANT_CONVERSION = YES;
				CLANG_WARN_EMPTY_BODY = YES;
				CLANG_WARN_ENUM_CONVERSION = YES;
				CLANG_WARN_INT_CONVERSION = YES;
				CLANG_WARN__DUPLICATE_METHOD_MATCH = YES;
				"CODE_SIGN_IDENTITY[sdk=iphoneos*]" = "iPhone Developer";
				COPY_PHASE_STRIP = YES;
				GCC_C_LANGUAGE_STANDARD = gnu99;
				GCC_WARN_ABOUT_RETURN_TYPE = YES;
				GCC_WARN_UNINITIALIZED_AUTOS = YES;
				GCC_WARN_UNUSED_VARIABLE = YES;
				IPHONEOS_DEPLOYMENT_TARGET = 6.1;
				OTHER_CFLAGS = "-DNS_BLOCK_ASSERTIONS=1";
				SDKROOT = iphoneos;
				VALIDATE_PRODUCT = YES;
			};
			name = Release;
		};
		32AC88F216F0145600F99D07 /* Debug */ = {
			isa = XCBuildConfiguration;
			buildSettings = {
				GCC_PRECOMPILE_PREFIX_HEADER = YES;
				GCC_PREFIX_HEADER = "pqrs/pqrs-Prefix.pch";
				INFOPLIST_FILE = "pqrs/pqrs-Info.plist";
				PRODUCT_NAME = "$(TARGET_NAME)";
				WRAPPER_EXTENSION = app;
			};
			name = Debug;
		};
		32AC88F316F0145600F99D07 /* Release */ = {
			isa = XCBuildConfiguration;
			buildSettings = {
				GCC_PRECOMPILE_PREFIX_HEADER = YES;
				GCC_PREFIX_HEADER = "pqrs/pqrs-Prefix.pch";
				INFOPLIST_FILE = "pqrs/pqrs-Info.plist";
				PRODUCT_NAME = "$(TARGET_NAME)";
				WRAPPER_EXTENSION = app;
			};
			name = Release;
		};
/* End XCBuildConfiguration section */

/* Begin XCConfigurationList section */
		32AC88C916F0145500F99D07 /* Build configuration list for PBXProject "pqrs" */ = {
			isa = XCConfigurationList;
			buildConfigurations = (
				32AC88EF16F0145600F99D07 /* Debug */,
				32AC88F016F0145600F99D07 /* Release */,
			);
			defaultConfigurationIsVisible = 0;
			defaultConfigurationName = Release;
		};
		32AC88F116F0145600F99D07 /* Build configuration list for PBXNativeTarget "pqrs" */ = {
			isa = XCConfigurationList;
			buildConfigurations = (
				32AC88F216F0145600F99D07 /* Debug */,
				32AC88F316F0145600F99D07 /* Release */,
			);
			defaultConfigurationIsVisible = 0;
		};
/* End XCConfigurationList section */
	};
	rootObject = 32AC88C616F0145500F99D07 /* Project object */;
}
